
Microsoft Visual Studio Solution File, Format Version 12.00
# Visual Studio 15
VisualStudioVersion = 15.0.26430.6
MinimumVisualStudioVersion = 10.0.40219.1
Project("{FAE04EC0-301F-11D3-BF4B-00C04F79EFBC}") = "LV.Windows", "LV.Windows\LV.Windows.csproj", "{84626357-E6A3-42DA-9EDD-38CC53635162}"
EndProject
Project("{FAE04EC0-301F-11D3-BF4B-00C04F79EFBC}") = "LV.Support", "LV.Support\LV.Support.csproj", "{07D78DFC-6A85-4629-844F-2B6D70C55083}"
EndProject
Global
	GlobalSection(SolutionConfigurationPlatforms) = preSolution
		Debug|Any CPU = Debug|Any CPU
		Release|Any CPU = Release|Any CPU
	EndGlobalSection
	GlobalSection(ProjectConfigurationPlatforms) = postSolution
		{84626357-E6A3-42DA-9EDD-38CC53635162}.Debug|Any CPU.ActiveCfg = Debug|Any CPU
		{84626357-E6A3-42DA-9EDD-38CC53635162}.Debug|Any CPU.Build.0 = Debug|Any CPU
		{84626357-E6A3-42DA-9EDD-38CC53635162}.Release|Any CPU.ActiveCfg = Release|Any CPU
		{84626357-E6A3-42DA-9EDD-38CC53635162}.Release|Any CPU.Build.0 = Release|Any CPU
		{07D78DFC-6A85-4629-844F-2B6D70C55083}.Debug|Any CPU.ActiveCfg = Debug|Any CPU
		{07D78DFC-6A85-4629-844F-2B6D70C55083}.Debug|Any CPU.Build.0 = Debug|Any CPU
		{07D78DFC-6A85-4629-844F-2B6D70C55083}.Release|Any CPU.ActiveCfg = Release|Any CPU
		{07D78DFC-6A85-4629-844F-2B6D70C55083}.Release|Any CPU.Build.0 = Release|Any CPU
	EndGlobalSection
	GlobalSection(SolutionProperties) = preSolution
		HideSolutionNode = FALSE
	EndGlobalSection
EndGlobal
